
Microsoft Visual Studio Solution File, Format Version 12.00
# Visual Studio 15
VisualStudioVersion = 15.0.28010.2046
MinimumVisualStudioVersion = 10.0.40219.1
Project("{FAE04EC0-301F-11D3-BF4B-00C04F79EFBC}") = "H1Chess", "H1Chess\H1Chess.csproj", "{B3CB0670-4873-4C14-9B6A-3E1650D09CCA}"
EndProject
Global
	GlobalSection(SolutionConfigurationPlatforms) = preSolution
		Debug|Any CPU = Debug|Any CPU
		Release|Any CPU = Release|Any CPU
	EndGlobalSection
	GlobalSection(ProjectConfigurationPlatforms) = postSolution
		{B3CB0670-4873-4C14-9B6A-3E1650D09CCA}.Debug|Any CPU.ActiveCfg = Debug|Any CPU
		{B3CB0670-4873-4C14-9B6A-3E1650D09CCA}.Debug|Any CPU.Build.0 = Debug|Any CPU
		{B3CB0670-4873-4C14-9B6A-3E1650D09CCA}.Release|Any CPU.ActiveCfg = Release|Any CPU
		{B3CB0670-4873-4C14-9B6A-3E1650D09CCA}.Release|Any CPU.Build.0 = Release|Any CPU
	EndGlobalSection
	GlobalSection(SolutionProperties) = preSolution
		HideSolutionNode = FALSE
	EndGlobalSection
	GlobalSection(ExtensibilityGlobals) = postSolution
		SolutionGuid = {2180F192-ED2A-434A-9190-97CFF4FC0711}
	EndGlobalSection
EndGlobal
